
Microsoft Visual Studio Solution File, Format Version 12.00
# Visual Studio Version 16
VisualStudioVersion = 16.0.29418.71
MinimumVisualStudioVersion = 15.0.26124.0
Project("{2150E333-8FDC-42A3-9474-1A3956D46DE8}") = "Tests", "Tests", "{57A04B72-8088-4F75-A582-1158CF8291F7}"
EndProject
Project("{2150E333-8FDC-42A3-9474-1A3956D46DE8}") = "Test.Common", "Test.Common", "{47697CDB-27B6-4B05-B4F8-0CBE6F6EDF97}"
EndProject
Project("{2150E333-8FDC-42A3-9474-1A3956D46DE8}") = "WindowsServiceHelpers", "WindowsServiceHelpers", "{F9E67978-5CD6-4A5F-827B-4249711C0B02}"
EndProject
Project("{2150E333-8FDC-42A3-9474-1A3956D46DE8}") = "Host", "Host", "{486ADF86-DD89-4E19-B805-9D94F19800D9}"
EndProject
Project("{2150E333-8FDC-42A3-9474-1A3956D46DE8}") = "Platform", "Platform", "{0F0D4998-8F5D-4467-A909-BB192C4B3B4B}"
EndProject
Project("{2150E333-8FDC-42A3-9474-1A3956D46DE8}") = "Platform", "Platform", "{4EACDBBC-BCD7-4765-A57B-3E08331E4749}"
EndProject
Project("{9A19103F-16F7-4668-BE54-9A1E7A4F7556}") = "Radarr.Api.V3", "Radarr.Api.V3\Radarr.Api.V3.csproj", "{D1D48E1D-9EEB-470B-992C-3954F90FB014}"
EndProject
Project("{9A19103F-16F7-4668-BE54-9A1E7A4F7556}") = "Radarr.Http", "Radarr.Http\Radarr.Http.csproj", "{F8A02FD4-A7A4-40D0-BB81-6319105A3302}"
EndProject
Project("{9A19103F-16F7-4668-BE54-9A1E7A4F7556}") = "Radarr.Api.Test", "NzbDrone.Api.Test\Radarr.Api.Test.csproj", "{E2EA47B1-6996-417D-A6EC-28C4F202715C}"
EndProject
Project("{9A19103F-16F7-4668-BE54-9A1E7A4F7556}") = "Radarr.Automation.Test", "NzbDrone.Automation.Test\Radarr.Automation.Test.csproj", "{2356C987-F992-4084-9DA2-5DAD1DA35E85}"
EndProject
Project("{9A19103F-16F7-4668-BE54-9A1E7A4F7556}") = "Radarr.Common.Test", "NzbDrone.Common.Test\Radarr.Common.Test.csproj", "{A628FEA4-75CC-4039-8823-27258C55D2BF}"
EndProject
Project("{9A19103F-16F7-4668-BE54-9A1E7A4F7556}") = "Radarr.Common", "NzbDrone.Common\Radarr.Common.csproj", "{74BF1D46-710C-42C1-82DD-34B42C58F843}"
EndProject
Project("{9A19103F-16F7-4668-BE54-9A1E7A4F7556}") = "Radarr.Console", "NzbDrone.Console\Radarr.Console.csproj", "{AEA9EE9A-19BF-45CB-93D9-52CA443FD313}"
EndProject
Project("{9A19103F-16F7-4668-BE54-9A1E7A4F7556}") = "Radarr.Core.Test", "NzbDrone.Core.Test\Radarr.Core.Test.csproj", "{04ECC74F-C340-4987-863E-757FB62D27C9}"
EndProject
Project("{9A19103F-16F7-4668-BE54-9A1E7A4F7556}") = "Radarr.Core", "NzbDrone.Core\Radarr.Core.csproj", "{82EBE37B-E3A7-4365-9B06-FA647BCC7AF0}"
EndProject
Project("{9A19103F-16F7-4668-BE54-9A1E7A4F7556}") = "Radarr.Host.Test", "NzbDrone.Host.Test\Radarr.Host.Test.csproj", "{6D4DE6D5-9594-4AE4-85E0-41C7FFCCED92}"
EndProject
Project("{9A19103F-16F7-4668-BE54-9A1E7A4F7556}") = "Radarr.Host", "NzbDrone.Host\Radarr.Host.csproj", "{B6913970-FB88-4F6F-83F9-00728218E3FD}"
EndProject
Project("{9A19103F-16F7-4668-BE54-9A1E7A4F7556}") = "Radarr.Integration.Test", "NzbDrone.Integration.Test\Radarr.Integration.Test.csproj", "{6D5618FB-45B9-44AE-BF99-8EF37519CB30}"
EndProject
Project("{9A19103F-16F7-4668-BE54-9A1E7A4F7556}") = "Radarr.Libraries.Test", "NzbDrone.Libraries.Test\Radarr.Libraries.Test.csproj", "{1969394D-3181-404F-8E2C-E3E71A5BAD30}"
EndProject
Project("{9A19103F-16F7-4668-BE54-9A1E7A4F7556}") = "Radarr.Mono.Test", "NzbDrone.Mono.Test\Radarr.Mono.Test.csproj", "{CCE9ABBC-96BA-425B-8140-DC8102290BE3}"
EndProject
Project("{9A19103F-16F7-4668-BE54-9A1E7A4F7556}") = "Radarr.Mono", "NzbDrone.Mono\Radarr.Mono.csproj", "{504CD0A8-523B-4A0E-99BE-C179DECA9B76}"
EndProject
Project("{9A19103F-16F7-4668-BE54-9A1E7A4F7556}") = "Radarr.SignalR", "NzbDrone.SignalR\Radarr.SignalR.csproj", "{B30BE76E-4D20-47AA-9E03-E32613D888CC}"
EndProject
Project("{9A19103F-16F7-4668-BE54-9A1E7A4F7556}") = "Radarr.Test.Common", "NzbDrone.Test.Common\Radarr.Test.Common.csproj", "{B8706292-5BE8-4099-94CA-F26DDD3757E0}"
EndProject
Project("{9A19103F-16F7-4668-BE54-9A1E7A4F7556}") = "Radarr.Test.Dummy", "NzbDrone.Test.Dummy\Radarr.Test.Dummy.csproj", "{AFA7F48E-DB81-4E39-843B-78715C6ADF0D}"
EndProject
Project("{9A19103F-16F7-4668-BE54-9A1E7A4F7556}") = "Radarr.Update.Test", "NzbDrone.Update.Test\Radarr.Update.Test.csproj", "{A76441EE-AB2E-4E9D-8CD3-58BE5A8514D3}"
EndProject
Project("{9A19103F-16F7-4668-BE54-9A1E7A4F7556}") = "Radarr.Update", "NzbDrone.Update\Radarr.Update.csproj", "{4FBA2CBC-B022-41D6-B6DA-3166991B9172}"
EndProject
Project("{9A19103F-16F7-4668-BE54-9A1E7A4F7556}") = "Radarr.Windows.Test", "NzbDrone.Windows.Test\Radarr.Windows.Test.csproj", "{7BEDCC1E-0763-4553-B32B-0430B334ACBB}"
EndProject
Project("{9A19103F-16F7-4668-BE54-9A1E7A4F7556}") = "Radarr.Windows", "NzbDrone.Windows\Radarr.Windows.csproj", "{3F076242-A6FA-4657-8606-AF1D150367FC}"
EndProject
Project("{9A19103F-16F7-4668-BE54-9A1E7A4F7556}") = "Radarr", "NzbDrone\Radarr.csproj", "{0DC43D36-6680-4237-BE39-D5D094DBCE29}"
EndProject
Project("{9A19103F-16F7-4668-BE54-9A1E7A4F7556}") = "ServiceInstall", "ServiceHelpers\ServiceInstall\ServiceInstall.csproj", "{7DA231E8-A31D-4F53-8760-820861B6CE65}"
EndProject
Project("{9A19103F-16F7-4668-BE54-9A1E7A4F7556}") = "ServiceUninstall", "ServiceHelpers\ServiceUninstall\ServiceUninstall.csproj", "{0E2B067C-4A97-430C-8767-D19ACB09A63A}"
EndProject
Project("{2150E333-8FDC-42A3-9474-1A3956D46DE8}") = "Solution Items", "Solution Items", "{0C7E5F5A-C4CC-4945-B399-1E1C9817CC45}"
	ProjectSection(SolutionItems) = preProject
		..\.editorconfig = ..\.editorconfig
	EndProjectSection
EndProject
Global
	GlobalSection(SolutionConfigurationPlatforms) = preSolution
		Debug|Posix = Debug|Posix
		Debug|Windows = Debug|Windows
		Release|Posix = Release|Posix
		Release|Windows = Release|Windows
	EndGlobalSection
	GlobalSection(ProjectConfigurationPlatforms) = postSolution
		{D1D48E1D-9EEB-470B-992C-3954F90FB014}.Debug|Posix.ActiveCfg = Debug|Any CPU
		{D1D48E1D-9EEB-470B-992C-3954F90FB014}.Debug|Posix.Build.0 = Debug|Any CPU
		{D1D48E1D-9EEB-470B-992C-3954F90FB014}.Debug|Windows.ActiveCfg = Debug|Any CPU
		{D1D48E1D-9EEB-470B-992C-3954F90FB014}.Debug|Windows.Build.0 = Debug|Any CPU
		{D1D48E1D-9EEB-470B-992C-3954F90FB014}.Release|Posix.ActiveCfg = Release|Any CPU
		{D1D48E1D-9EEB-470B-992C-3954F90FB014}.Release|Posix.Build.0 = Release|Any CPU
		{D1D48E1D-9EEB-470B-992C-3954F90FB014}.Release|Windows.ActiveCfg = Release|Any CPU
		{D1D48E1D-9EEB-470B-992C-3954F90FB014}.Release|Windows.Build.0 = Release|Any CPU
		{F8A02FD4-A7A4-40D0-BB81-6319105A3302}.Debug|Posix.ActiveCfg = Debug|Any CPU
		{F8A02FD4-A7A4-40D0-BB81-6319105A3302}.Debug|Posix.Build.0 = Debug|Any CPU
		{F8A02FD4-A7A4-40D0-BB81-6319105A3302}.Debug|Windows.ActiveCfg = Debug|Any CPU
		{F8A02FD4-A7A4-40D0-BB81-6319105A3302}.Debug|Windows.Build.0 = Debug|Any CPU
		{F8A02FD4-A7A4-40D0-BB81-6319105A3302}.Release|Posix.ActiveCfg = Release|Any CPU
		{F8A02FD4-A7A4-40D0-BB81-6319105A3302}.Release|Posix.Build.0 = Release|Any CPU
		{F8A02FD4-A7A4-40D0-BB81-6319105A3302}.Release|Windows.ActiveCfg = Release|Any CPU
		{F8A02FD4-A7A4-40D0-BB81-6319105A3302}.Release|Windows.Build.0 = Release|Any CPU
		{E2EA47B1-6996-417D-A6EC-28C4F202715C}.Debug|Posix.ActiveCfg = Debug|Any CPU
		{E2EA47B1-6996-417D-A6EC-28C4F202715C}.Debug|Posix.Build.0 = Debug|Any CPU
		{E2EA47B1-6996-417D-A6EC-28C4F202715C}.Debug|Windows.ActiveCfg = Debug|Any CPU
		{E2EA47B1-6996-417D-A6EC-28C4F202715C}.Debug|Windows.Build.0 = Debug|Any CPU
		{E2EA47B1-6996-417D-A6EC-28C4F202715C}.Release|Posix.ActiveCfg = Release|Any CPU
		{E2EA47B1-6996-417D-A6EC-28C4F202715C}.Release|Posix.Build.0 = Release|Any CPU
		{E2EA47B1-6996-417D-A6EC-28C4F202715C}.Release|Windows.ActiveCfg = Release|Any CPU
		{E2EA47B1-6996-417D-A6EC-28C4F202715C}.Release|Windows.Build.0 = Release|Any CPU
		{2356C987-F992-4084-9DA2-5DAD1DA35E85}.Debug|Posix.ActiveCfg = Debug|Any CPU
		{2356C987-F992-4084-9DA2-5DAD1DA35E85}.Debug|Posix.Build.0 = Debug|Any CPU
		{2356C987-F992-4084-9DA2-5DAD1DA35E85}.Debug|Windows.ActiveCfg = Debug|Any CPU
		{2356C987-F992-4084-9DA2-5DAD1DA35E85}.Debug|Windows.Build.0 = Debug|Any CPU
		{2356C987-F992-4084-9DA2-5DAD1DA35E85}.Release|Posix.ActiveCfg = Release|Any CPU
		{2356C987-F992-4084-9DA2-5DAD1DA35E85}.Release|Posix.Build.0 = Release|Any CPU
		{2356C987-F992-4084-9DA2-5DAD1DA35E85}.Release|Windows.ActiveCfg = Release|Any CPU
		{2356C987-F992-4084-9DA2-5DAD1DA35E85}.Release|Windows.Build.0 = Release|Any CPU
		{A628FEA4-75CC-4039-8823-27258C55D2BF}.Debug|Posix.ActiveCfg = Debug|Any CPU
		{A628FEA4-75CC-4039-8823-27258C55D2BF}.Debug|Posix.Build.0 = Debug|Any CPU
		{A628FEA4-75CC-4039-8823-27258C55D2BF}.Debug|Windows.ActiveCfg = Debug|Any CPU
		{A628FEA4-75CC-4039-8823-27258C55D2BF}.Debug|Windows.Build.0 = Debug|Any CPU
		{A628FEA4-75CC-4039-8823-27258C55D2BF}.Release|Posix.ActiveCfg = Release|Any CPU
		{A628FEA4-75CC-4039-8823-27258C55D2BF}.Release|Posix.Build.0 = Release|Any CPU
		{A628FEA4-75CC-4039-8823-27258C55D2BF}.Release|Windows.ActiveCfg = Release|Any CPU
		{A628FEA4-75CC-4039-8823-27258C55D2BF}.Release|Windows.Build.0 = Release|Any CPU
		{74BF1D46-710C-42C1-82DD-34B42C58F843}.Debug|Posix.ActiveCfg = Debug|Any CPU
		{74BF1D46-710C-42C1-82DD-34B42C58F843}.Debug|Posix.Build.0 = Debug|Any CPU
		{74BF1D46-710C-42C1-82DD-34B42C58F843}.Debug|Windows.ActiveCfg = Debug|Any CPU
		{74BF1D46-710C-42C1-82DD-34B42C58F843}.Debug|Windows.Build.0 = Debug|Any CPU
		{74BF1D46-710C-42C1-82DD-34B42C58F843}.Release|Posix.ActiveCfg = Release|Any CPU
		{74BF1D46-710C-42C1-82DD-34B42C58F843}.Release|Posix.Build.0 = Release|Any CPU
		{74BF1D46-710C-42C1-82DD-34B42C58F843}.Release|Windows.ActiveCfg = Release|Any CPU
		{74BF1D46-710C-42C1-82DD-34B42C58F843}.Release|Windows.Build.0 = Release|Any CPU
		{AEA9EE9A-19BF-45CB-93D9-52CA443FD313}.Debug|Posix.ActiveCfg = Debug|Any CPU
		{AEA9EE9A-19BF-45CB-93D9-52CA443FD313}.Debug|Posix.Build.0 = Debug|Any CPU
		{AEA9EE9A-19BF-45CB-93D9-52CA443FD313}.Debug|Windows.ActiveCfg = Debug|Any CPU
		{AEA9EE9A-19BF-45CB-93D9-52CA443FD313}.Debug|Windows.Build.0 = Debug|Any CPU
		{AEA9EE9A-19BF-45CB-93D9-52CA443FD313}.Release|Posix.ActiveCfg = Release|Any CPU
		{AEA9EE9A-19BF-45CB-93D9-52CA443FD313}.Release|Posix.Build.0 = Release|Any CPU
		{AEA9EE9A-19BF-45CB-93D9-52CA443FD313}.Release|Windows.ActiveCfg = Release|Any CPU
		{AEA9EE9A-19BF-45CB-93D9-52CA443FD313}.Release|Windows.Build.0 = Release|Any CPU
		{04ECC74F-C340-4987-863E-757FB62D27C9}.Debug|Posix.ActiveCfg = Debug|Any CPU
		{04ECC74F-C340-4987-863E-757FB62D27C9}.Debug|Posix.Build.0 = Debug|Any CPU
		{04ECC74F-C340-4987-863E-757FB62D27C9}.Debug|Windows.ActiveCfg = Debug|Any CPU
		{04ECC74F-C340-4987-863E-757FB62D27C9}.Debug|Windows.Build.0 = Debug|Any CPU
		{04ECC74F-C340-4987-863E-757FB62D27C9}.Release|Posix.ActiveCfg = Release|Any CPU
		{04ECC74F-C340-4987-863E-757FB62D27C9}.Release|Posix.Build.0 = Release|Any CPU
		{04ECC74F-C340-4987-863E-757FB62D27C9}.Release|Windows.ActiveCfg = Release|Any CPU
		{04ECC74F-C340-4987-863E-757FB62D27C9}.Release|Windows.Build.0 = Release|Any CPU
		{82EBE37B-E3A7-4365-9B06-FA647BCC7AF0}.Debug|Posix.ActiveCfg = Debug|Any CPU
		{82EBE37B-E3A7-4365-9B06-FA647BCC7AF0}.Debug|Posix.Build.0 = Debug|Any CPU
		{82EBE37B-E3A7-4365-9B06-FA647BCC7AF0}.Debug|Windows.ActiveCfg = Debug|Any CPU
		{82EBE37B-E3A7-4365-9B06-FA647BCC7AF0}.Debug|Windows.Build.0 = Debug|Any CPU
		{82EBE37B-E3A7-4365-9B06-FA647BCC7AF0}.Release|Posix.ActiveCfg = Release|Any CPU
		{82EBE37B-E3A7-4365-9B06-FA647BCC7AF0}.Release|Posix.Build.0 = Release|Any CPU
		{82EBE37B-E3A7-4365-9B06-FA647BCC7AF0}.Release|Windows.ActiveCfg = Release|Any CPU
		{82EBE37B-E3A7-4365-9B06-FA647BCC7AF0}.Release|Windows.Build.0 = Release|Any CPU
		{6D4DE6D5-9594-4AE4-85E0-41C7FFCCED92}.Debug|Posix.ActiveCfg = Debug|Any CPU
		{6D4DE6D5-9594-4AE4-85E0-41C7FFCCED92}.Debug|Posix.Build.0 = Debug|Any CPU
		{6D4DE6D5-9594-4AE4-85E0-41C7FFCCED92}.Debug|Windows.ActiveCfg = Debug|Any CPU
		{6D4DE6D5-9594-4AE4-85E0-41C7FFCCED92}.Debug|Windows.Build.0 = Debug|Any CPU
		{6D4DE6D5-9594-4AE4-85E0-41C7FFCCED92}.Release|Posix.ActiveCfg = Release|Any CPU
		{6D4DE6D5-9594-4AE4-85E0-41C7FFCCED92}.Release|Posix.Build.0 = Release|Any CPU
		{6D4DE6D5-9594-4AE4-85E0-41C7FFCCED92}.Release|Windows.ActiveCfg = Release|Any CPU
		{6D4DE6D5-9594-4AE4-85E0-41C7FFCCED92}.Release|Windows.Build.0 = Release|Any CPU
		{B6913970-FB88-4F6F-83F9-00728218E3FD}.Debug|Posix.ActiveCfg = Debug|Any CPU
		{B6913970-FB88-4F6F-83F9-00728218E3FD}.Debug|Posix.Build.0 = Debug|Any CPU
		{B6913970-FB88-4F6F-83F9-00728218E3FD}.Debug|Windows.ActiveCfg = Debug|Any CPU
		{B6913970-FB88-4F6F-83F9-00728218E3FD}.Debug|Windows.Build.0 = Debug|Any CPU
		{B6913970-FB88-4F6F-83F9-00728218E3FD}.Release|Posix.ActiveCfg = Release|Any CPU
		{B6913970-FB88-4F6F-83F9-00728218E3FD}.Release|Posix.Build.0 = Release|Any CPU
		{B6913970-FB88-4F6F-83F9-00728218E3FD}.Release|Windows.ActiveCfg = Release|Any CPU
		{B6913970-FB88-4F6F-83F9-00728218E3FD}.Release|Windows.Build.0 = Release|Any CPU
		{6D5618FB-45B9-44AE-BF99-8EF37519CB30}.Debug|Posix.ActiveCfg = Debug|Any CPU
		{6D5618FB-45B9-44AE-BF99-8EF37519CB30}.Debug|Posix.Build.0 = Debug|Any CPU
		{6D5618FB-45B9-44AE-BF99-8EF37519CB30}.Debug|Windows.ActiveCfg = Debug|Any CPU
		{6D5618FB-45B9-44AE-BF99-8EF37519CB30}.Debug|Windows.Build.0 = Debug|Any CPU
		{6D5618FB-45B9-44AE-BF99-8EF37519CB30}.Release|Posix.ActiveCfg = Release|Any CPU
		{6D5618FB-45B9-44AE-BF99-8EF37519CB30}.Release|Posix.Build.0 = Release|Any CPU
		{6D5618FB-45B9-44AE-BF99-8EF37519CB30}.Release|Windows.ActiveCfg = Release|Any CPU
		{6D5618FB-45B9-44AE-BF99-8EF37519CB30}.Release|Windows.Build.0 = Release|Any CPU
		{1969394D-3181-404F-8E2C-E3E71A5BAD30}.Debug|Posix.ActiveCfg = Debug|Any CPU
		{1969394D-3181-404F-8E2C-E3E71A5BAD30}.Debug|Posix.Build.0 = Debug|Any CPU
		{1969394D-3181-404F-8E2C-E3E71A5BAD30}.Debug|Windows.ActiveCfg = Debug|Any CPU
		{1969394D-3181-404F-8E2C-E3E71A5BAD30}.Debug|Windows.Build.0 = Debug|Any CPU
		{1969394D-3181-404F-8E2C-E3E71A5BAD30}.Release|Posix.ActiveCfg = Release|Any CPU
		{1969394D-3181-404F-8E2C-E3E71A5BAD30}.Release|Posix.Build.0 = Release|Any CPU
		{1969394D-3181-404F-8E2C-E3E71A5BAD30}.Release|Windows.ActiveCfg = Release|Any CPU
		{1969394D-3181-404F-8E2C-E3E71A5BAD30}.Release|Windows.Build.0 = Release|Any CPU
		{CCE9ABBC-96BA-425B-8140-DC8102290BE3}.Debug|Posix.ActiveCfg = Debug|Any CPU
		{CCE9ABBC-96BA-425B-8140-DC8102290BE3}.Debug|Posix.Build.0 = Debug|Any CPU
		{CCE9ABBC-96BA-425B-8140-DC8102290BE3}.Debug|Windows.ActiveCfg = Debug|Any CPU
		{CCE9ABBC-96BA-425B-8140-DC8102290BE3}.Debug|Windows.Build.0 = Debug|Any CPU
		{CCE9ABBC-96BA-425B-8140-DC8102290BE3}.Release|Posix.ActiveCfg = Release|Any CPU
		{CCE9ABBC-96BA-425B-8140-DC8102290BE3}.Release|Posix.Build.0 = Release|Any CPU
		{CCE9ABBC-96BA-425B-8140-DC8102290BE3}.Release|Windows.ActiveCfg = Release|Any CPU
		{CCE9ABBC-96BA-425B-8140-DC8102290BE3}.Release|Windows.Build.0 = Release|Any CPU
		{504CD0A8-523B-4A0E-99BE-C179DECA9B76}.Debug|Posix.ActiveCfg = Debug|Any CPU
		{504CD0A8-523B-4A0E-99BE-C179DECA9B76}.Debug|Posix.Build.0 = Debug|Any CPU
		{504CD0A8-523B-4A0E-99BE-C179DECA9B76}.Debug|Windows.ActiveCfg = Debug|Any CPU
		{504CD0A8-523B-4A0E-99BE-C179DECA9B76}.Debug|Windows.Build.0 = Debug|Any CPU
		{504CD0A8-523B-4A0E-99BE-C179DECA9B76}.Release|Posix.ActiveCfg = Release|Any CPU
		{504CD0A8-523B-4A0E-99BE-C179DECA9B76}.Release|Posix.Build.0 = Release|Any CPU
		{504CD0A8-523B-4A0E-99BE-C179DECA9B76}.Release|Windows.ActiveCfg = Release|Any CPU
		{504CD0A8-523B-4A0E-99BE-C179DECA9B76}.Release|Windows.Build.0 = Release|Any CPU
		{B30BE76E-4D20-47AA-9E03-E32613D888CC}.Debug|Posix.ActiveCfg = Debug|Any CPU
		{B30BE76E-4D20-47AA-9E03-E32613D888CC}.Debug|Posix.Build.0 = Debug|Any CPU
		{B30BE76E-4D20-47AA-9E03-E32613D888CC}.Debug|Windows.ActiveCfg = Debug|Any CPU
		{B30BE76E-4D20-47AA-9E03-E32613D888CC}.Debug|Windows.Build.0 = Debug|Any CPU
		{B30BE76E-4D20-47AA-9E03-E32613D888CC}.Release|Posix.ActiveCfg = Release|Any CPU
		{B30BE76E-4D20-47AA-9E03-E32613D888CC}.Release|Posix.Build.0 = Release|Any CPU
		{B30BE76E-4D20-47AA-9E03-E32613D888CC}.Release|Windows.ActiveCfg = Release|Any CPU
		{B30BE76E-4D20-47AA-9E03-E32613D888CC}.Release|Windows.Build.0 = Release|Any CPU
		{B8706292-5BE8-4099-94CA-F26DDD3757E0}.Debug|Posix.ActiveCfg = Debug|Any CPU
		{B8706292-5BE8-4099-94CA-F26DDD3757E0}.Debug|Posix.Build.0 = Debug|Any CPU
		{B8706292-5BE8-4099-94CA-F26DDD3757E0}.Debug|Windows.ActiveCfg = Debug|Any CPU
		{B8706292-5BE8-4099-94CA-F26DDD3757E0}.Debug|Windows.Build.0 = Debug|Any CPU
		{B8706292-5BE8-4099-94CA-F26DDD3757E0}.Release|Posix.ActiveCfg = Release|Any CPU
		{B8706292-5BE8-4099-94CA-F26DDD3757E0}.Release|Posix.Build.0 = Release|Any CPU
		{B8706292-5BE8-4099-94CA-F26DDD3757E0}.Release|Windows.ActiveCfg = Release|Any CPU
		{B8706292-5BE8-4099-94CA-F26DDD3757E0}.Release|Windows.Build.0 = Release|Any CPU
		{AFA7F48E-DB81-4E39-843B-78715C6ADF0D}.Debug|Posix.ActiveCfg = Debug|Any CPU
		{AFA7F48E-DB81-4E39-843B-78715C6ADF0D}.Debug|Posix.Build.0 = Debug|Any CPU
		{AFA7F48E-DB81-4E39-843B-78715C6ADF0D}.Debug|Windows.ActiveCfg = Debug|Any CPU
		{AFA7F48E-DB81-4E39-843B-78715C6ADF0D}.Debug|Windows.Build.0 = Debug|Any CPU
		{AFA7F48E-DB81-4E39-843B-78715C6ADF0D}.Release|Posix.ActiveCfg = Release|Any CPU
		{AFA7F48E-DB81-4E39-843B-78715C6ADF0D}.Release|Posix.Build.0 = Release|Any CPU
		{AFA7F48E-DB81-4E39-843B-78715C6ADF0D}.Release|Windows.ActiveCfg = Release|Any CPU
		{AFA7F48E-DB81-4E39-843B-78715C6ADF0D}.Release|Windows.Build.0 = Release|Any CPU
		{A76441EE-AB2E-4E9D-8CD3-58BE5A8514D3}.Debug|Posix.ActiveCfg = Debug|Any CPU
		{A76441EE-AB2E-4E9D-8CD3-58BE5A8514D3}.Debug|Posix.Build.0 = Debug|Any CPU
		{A76441EE-AB2E-4E9D-8CD3-58BE5A8514D3}.Debug|Windows.ActiveCfg = Debug|Any CPU
		{A76441EE-AB2E-4E9D-8CD3-58BE5A8514D3}.Debug|Windows.Build.0 = Debug|Any CPU
		{A76441EE-AB2E-4E9D-8CD3-58BE5A8514D3}.Release|Posix.ActiveCfg = Release|Any CPU
		{A76441EE-AB2E-4E9D-8CD3-58BE5A8514D3}.Release|Posix.Build.0 = Release|Any CPU
		{A76441EE-AB2E-4E9D-8CD3-58BE5A8514D3}.Release|Windows.ActiveCfg = Release|Any CPU
		{A76441EE-AB2E-4E9D-8CD3-58BE5A8514D3}.Release|Windows.Build.0 = Release|Any CPU
		{4FBA2CBC-B022-41D6-B6DA-3166991B9172}.Debug|Posix.ActiveCfg = Debug|Any CPU
		{4FBA2CBC-B022-41D6-B6DA-3166991B9172}.Debug|Posix.Build.0 = Debug|Any CPU
		{4FBA2CBC-B022-41D6-B6DA-3166991B9172}.Debug|Windows.ActiveCfg = Debug|Any CPU
		{4FBA2CBC-B022-41D6-B6DA-3166991B9172}.Debug|Windows.Build.0 = Debug|Any CPU
		{4FBA2CBC-B022-41D6-B6DA-3166991B9172}.Release|Posix.ActiveCfg = Release|Any CPU
		{4FBA2CBC-B022-41D6-B6DA-3166991B9172}.Release|Posix.Build.0 = Release|Any CPU
		{4FBA2CBC-B022-41D6-B6DA-3166991B9172}.Release|Windows.ActiveCfg = Release|Any CPU
		{4FBA2CBC-B022-41D6-B6DA-3166991B9172}.Release|Windows.Build.0 = Release|Any CPU
		{7BEDCC1E-0763-4553-B32B-0430B334ACBB}.Debug|Posix.ActiveCfg = Debug|Any CPU
		{7BEDCC1E-0763-4553-B32B-0430B334ACBB}.Debug|Posix.Build.0 = Debug|Any CPU
		{7BEDCC1E-0763-4553-B32B-0430B334ACBB}.Debug|Windows.ActiveCfg = Debug|Any CPU
		{7BEDCC1E-0763-4553-B32B-0430B334ACBB}.Debug|Windows.Build.0 = Debug|Any CPU
		{7BEDCC1E-0763-4553-B32B-0430B334ACBB}.Release|Posix.ActiveCfg = Release|Any CPU
		{7BEDCC1E-0763-4553-B32B-0430B334ACBB}.Release|Posix.Build.0 = Release|Any CPU
		{7BEDCC1E-0763-4553-B32B-0430B334ACBB}.Release|Windows.ActiveCfg = Release|Any CPU
		{7BEDCC1E-0763-4553-B32B-0430B334ACBB}.Release|Windows.Build.0 = Release|Any CPU
		{3F076242-A6FA-4657-8606-AF1D150367FC}.Debug|Posix.ActiveCfg = Debug|Any CPU
		{3F076242-A6FA-4657-8606-AF1D150367FC}.Debug|Posix.Build.0 = Debug|Any CPU
		{3F076242-A6FA-4657-8606-AF1D150367FC}.Debug|Windows.ActiveCfg = Debug|Any CPU
		{3F076242-A6FA-4657-8606-AF1D150367FC}.Debug|Windows.Build.0 = Debug|Any CPU
		{3F076242-A6FA-4657-8606-AF1D150367FC}.Release|Posix.ActiveCfg = Release|Any CPU
		{3F076242-A6FA-4657-8606-AF1D150367FC}.Release|Posix.Build.0 = Release|Any CPU
		{3F076242-A6FA-4657-8606-AF1D150367FC}.Release|Windows.ActiveCfg = Release|Any CPU
		{3F076242-A6FA-4657-8606-AF1D150367FC}.Release|Windows.Build.0 = Release|Any CPU
		{0DC43D36-6680-4237-BE39-D5D094DBCE29}.Debug|Posix.ActiveCfg = Debug|Any CPU
		{0DC43D36-6680-4237-BE39-D5D094DBCE29}.Debug|Windows.ActiveCfg = Debug|Any CPU
		{0DC43D36-6680-4237-BE39-D5D094DBCE29}.Debug|Windows.Build.0 = Debug|Any CPU
		{0DC43D36-6680-4237-BE39-D5D094DBCE29}.Release|Posix.ActiveCfg = Release|Any CPU
		{0DC43D36-6680-4237-BE39-D5D094DBCE29}.Release|Windows.ActiveCfg = Release|Any CPU
		{0DC43D36-6680-4237-BE39-D5D094DBCE29}.Release|Windows.Build.0 = Release|Any CPU
		{7DA231E8-A31D-4F53-8760-820861B6CE65}.Debug|Posix.ActiveCfg = Debug|Any CPU
		{7DA231E8-A31D-4F53-8760-820861B6CE65}.Debug|Posix.Build.0 = Debug|Any CPU
		{7DA231E8-A31D-4F53-8760-820861B6CE65}.Debug|Windows.ActiveCfg = Debug|Any CPU
		{7DA231E8-A31D-4F53-8760-820861B6CE65}.Debug|Windows.Build.0 = Debug|Any CPU
		{7DA231E8-A31D-4F53-8760-820861B6CE65}.Release|Posix.ActiveCfg = Release|Any CPU
		{7DA231E8-A31D-4F53-8760-820861B6CE65}.Release|Posix.Build.0 = Release|Any CPU
		{7DA231E8-A31D-4F53-8760-820861B6CE65}.Release|Windows.ActiveCfg = Release|Any CPU
		{7DA231E8-A31D-4F53-8760-820861B6CE65}.Release|Windows.Build.0 = Release|Any CPU
		{0E2B067C-4A97-430C-8767-D19ACB09A63A}.Debug|Posix.ActiveCfg = Debug|Any CPU
		{0E2B067C-4A97-430C-8767-D19ACB09A63A}.Debug|Posix.Build.0 = Debug|Any CPU
		{0E2B067C-4A97-430C-8767-D19ACB09A63A}.Debug|Windows.ActiveCfg = Debug|Any CPU
		{0E2B067C-4A97-430C-8767-D19ACB09A63A}.Debug|Windows.Build.0 = Debug|Any CPU
		{0E2B067C-4A97-430C-8767-D19ACB09A63A}.Release|Posix.ActiveCfg = Release|Any CPU
		{0E2B067C-4A97-430C-8767-D19ACB09A63A}.Release|Posix.Build.0 = Release|Any CPU
		{0E2B067C-4A97-430C-8767-D19ACB09A63A}.Release|Windows.ActiveCfg = Release|Any CPU
		{0E2B067C-4A97-430C-8767-D19ACB09A63A}.Release|Windows.Build.0 = Release|Any CPU
	EndGlobalSection
	GlobalSection(SolutionProperties) = preSolution
		HideSolutionNode = FALSE
	EndGlobalSection
	GlobalSection(NestedProjects) = preSolution
		{47697CDB-27B6-4B05-B4F8-0CBE6F6EDF97} = {57A04B72-8088-4F75-A582-1158CF8291F7}
		{4EACDBBC-BCD7-4765-A57B-3E08331E4749} = {57A04B72-8088-4F75-A582-1158CF8291F7}
		{E2EA47B1-6996-417D-A6EC-28C4F202715C} = {57A04B72-8088-4F75-A582-1158CF8291F7}
		{2356C987-F992-4084-9DA2-5DAD1DA35E85} = {57A04B72-8088-4F75-A582-1158CF8291F7}
		{A628FEA4-75CC-4039-8823-27258C55D2BF} = {57A04B72-8088-4F75-A582-1158CF8291F7}
		{AEA9EE9A-19BF-45CB-93D9-52CA443FD313} = {486ADF86-DD89-4E19-B805-9D94F19800D9}
		{04ECC74F-C340-4987-863E-757FB62D27C9} = {57A04B72-8088-4F75-A582-1158CF8291F7}
		{6D4DE6D5-9594-4AE4-85E0-41C7FFCCED92} = {57A04B72-8088-4F75-A582-1158CF8291F7}
		{B6913970-FB88-4F6F-83F9-00728218E3FD} = {486ADF86-DD89-4E19-B805-9D94F19800D9}
		{6D5618FB-45B9-44AE-BF99-8EF37519CB30} = {57A04B72-8088-4F75-A582-1158CF8291F7}
		{1969394D-3181-404F-8E2C-E3E71A5BAD30} = {57A04B72-8088-4F75-A582-1158CF8291F7}
		{CCE9ABBC-96BA-425B-8140-DC8102290BE3} = {4EACDBBC-BCD7-4765-A57B-3E08331E4749}
		{504CD0A8-523B-4A0E-99BE-C179DECA9B76} = {0F0D4998-8F5D-4467-A909-BB192C4B3B4B}
		{B8706292-5BE8-4099-94CA-F26DDD3757E0} = {47697CDB-27B6-4B05-B4F8-0CBE6F6EDF97}
		{AFA7F48E-DB81-4E39-843B-78715C6ADF0D} = {47697CDB-27B6-4B05-B4F8-0CBE6F6EDF97}
		{A76441EE-AB2E-4E9D-8CD3-58BE5A8514D3} = {57A04B72-8088-4F75-A582-1158CF8291F7}
		{7BEDCC1E-0763-4553-B32B-0430B334ACBB} = {4EACDBBC-BCD7-4765-A57B-3E08331E4749}
		{3F076242-A6FA-4657-8606-AF1D150367FC} = {0F0D4998-8F5D-4467-A909-BB192C4B3B4B}
		{0DC43D36-6680-4237-BE39-D5D094DBCE29} = {486ADF86-DD89-4E19-B805-9D94F19800D9}
		{7DA231E8-A31D-4F53-8760-820861B6CE65} = {F9E67978-5CD6-4A5F-827B-4249711C0B02}
		{0E2B067C-4A97-430C-8767-D19ACB09A63A} = {F9E67978-5CD6-4A5F-827B-4249711C0B02}
	EndGlobalSection
	GlobalSection(ExtensibilityGlobals) = postSolution
		SolutionGuid = {0D6944ED-0602-492F-9E11-0513294A4DA3}
	EndGlobalSection
EndGlobal
