
Microsoft Visual Studio Solution File, Format Version 12.00
# Visual Studio Version 16
VisualStudioVersion = 16.0.29025.244
MinimumVisualStudioVersion = 10.0.40219.1
Project("{9A19103F-16F7-4668-BE54-9A1E7A4F7556}") = "Radarr.Console", "NzbDrone.Console\Radarr.Console.csproj", "{2019313B-86BD-445C-A6F9-1BCEC49FBA9B}"
	ProjectSection(ProjectDependencies) = postProject
		{EF32E669-774D-4144-A9AB-06E5094F1B5F} = {EF32E669-774D-4144-A9AB-06E5094F1B5F}
		{0D62DE9B-33B5-4CC2-B288-E8561C27FF35} = {0D62DE9B-33B5-4CC2-B288-E8561C27FF35}
		{D171CDAA-22BE-4598-984B-F9B4A7A6D30C} = {D171CDAA-22BE-4598-984B-F9B4A7A6D30C}
		{C5953DAB-89DB-46D9-A401-D620F54B776E} = {C5953DAB-89DB-46D9-A401-D620F54B776E}
		{38497DC6-E488-4B9E-A973-A1A7961B33C4} = {38497DC6-E488-4B9E-A973-A1A7961B33C4}
		{BB0DC9D7-93EB-4668-82B2-AA7503685A38} = {BB0DC9D7-93EB-4668-82B2-AA7503685A38}
		{0B4F09FE-275D-4A94-9FEF-CA1594639AF5} = {0B4F09FE-275D-4A94-9FEF-CA1594639AF5}
	EndProjectSection
EndProject
Project("{2150E333-8FDC-42A3-9474-1A3956D46DE8}") = "Tests", "Tests", "{57A04B72-8088-4F75-A582-1158CF8291F7}"
EndProject
Project("{2150E333-8FDC-42A3-9474-1A3956D46DE8}") = "Test.Common", "Test.Common", "{47697CDB-27B6-4B05-B4F8-0CBE6F6EDF97}"
EndProject
Project("{2150E333-8FDC-42A3-9474-1A3956D46DE8}") = "WindowsServiceHelpers", "WindowsServiceHelpers", "{F9E67978-5CD6-4A5F-827B-4249711C0B02}"
EndProject
Project("{9A19103F-16F7-4668-BE54-9A1E7A4F7556}") = "ServiceInstall", "ServiceHelpers\ServiceInstall\ServiceInstall.csproj", "{6BCE712F-846D-4846-9D1B-A66B858DA755}"
EndProject
Project("{9A19103F-16F7-4668-BE54-9A1E7A4F7556}") = "ServiceUninstall", "ServiceHelpers\ServiceUninstall\ServiceUninstall.csproj", "{700D0B95-95CD-43F3-B6C9-FAA0FC1358D4}"
EndProject
Project("{2150E333-8FDC-42A3-9474-1A3956D46DE8}") = ".nuget", ".nuget", "{1E6B3CBE-1578-41C1-9BF9-78D818740BE9}"
	ProjectSection(SolutionItems) = preProject
		.nuget\NuGet.exe = .nuget\NuGet.exe
	EndProjectSection
EndProject
Project("{2150E333-8FDC-42A3-9474-1A3956D46DE8}") = "Host", "Host", "{486ADF86-DD89-4E19-B805-9D94F19800D9}"
EndProject
Project("{2150E333-8FDC-42A3-9474-1A3956D46DE8}") = "External", "External", "{F6E3A728-AE77-4D02-BAC8-82FBC1402DDA}"
EndProject
Project("{9A19103F-16F7-4668-BE54-9A1E7A4F7556}") = "Marr.Data", "Marr.Data\Marr.Data.csproj", "{F6FC6BE7-0847-4817-A1ED-223DC647C3D7}"
EndProject
Project("{2150E333-8FDC-42A3-9474-1A3956D46DE8}") = "Platform", "Platform", "{0F0D4998-8F5D-4467-A909-BB192C4B3B4B}"
EndProject
Project("{2150E333-8FDC-42A3-9474-1A3956D46DE8}") = "Platform", "Platform", "{4EACDBBC-BCD7-4765-A57B-3E08331E4749}"
EndProject
Project("{9A19103F-16F7-4668-BE54-9A1E7A4F7556}") = "MonoTorrent", "MonoTorrent\MonoTorrent.csproj", "{411A9E0E-FDC6-4E25-828A-0C2CD1CD96F8}"
EndProject
Project("{9A19103F-16F7-4668-BE54-9A1E7A4F7556}") = "Radarr.Http", "Radarr.Http\Radarr.Http.csproj", "{C5953DAB-89DB-46D9-A401-D620F54B776E}"
EndProject
Project("{9A19103F-16F7-4668-BE54-9A1E7A4F7556}") = "Radarr.Api.V2", "Radarr.Api.V2\Radarr.Api.V2.csproj", "{38497DC6-E488-4B9E-A973-A1A7961B33C4}"
EndProject
Project("{9A19103F-16F7-4668-BE54-9A1E7A4F7556}") = "Radarr.Api", "NzbDrone.Api\Radarr.Api.csproj", "{D171CDAA-22BE-4598-984B-F9B4A7A6D30C}"
EndProject
Project("{9A19103F-16F7-4668-BE54-9A1E7A4F7556}") = "Radarr.Common", "NzbDrone.Common\Radarr.Common.csproj", "{BA949432-D73A-425E-B4B1-4292405DFAF6}"
EndProject
Project("{9A19103F-16F7-4668-BE54-9A1E7A4F7556}") = "Radarr.Core", "NzbDrone.Core\Radarr.Core.csproj", "{0D62DE9B-33B5-4CC2-B288-E8561C27FF35}"
EndProject
Project("{9A19103F-16F7-4668-BE54-9A1E7A4F7556}") = "Radarr.SignalR", "NzbDrone.SignalR\Radarr.SignalR.csproj", "{0B4F09FE-275D-4A94-9FEF-CA1594639AF5}"
EndProject
Project("{9A19103F-16F7-4668-BE54-9A1E7A4F7556}") = "Radarr.Update", "NzbDrone.Update\Radarr.Update.csproj", "{D1C4B2AA-8776-4429-A3E3-71146C230037}"
EndProject
Project("{9A19103F-16F7-4668-BE54-9A1E7A4F7556}") = "Radarr.Api.Test", "NzbDrone.Api.Test\Radarr.Api.Test.csproj", "{D9468BE6-8242-4E7F-9470-EE6FDA8832D0}"
EndProject
Project("{9A19103F-16F7-4668-BE54-9A1E7A4F7556}") = "Radarr.Automation.Test", "NzbDrone.Automation.Test\Radarr.Automation.Test.csproj", "{779D577B-2287-4FB8-8760-D653DBB87109}"
EndProject
Project("{9A19103F-16F7-4668-BE54-9A1E7A4F7556}") = "Radarr.Common.Test", "NzbDrone.Common.Test\Radarr.Common.Test.csproj", "{175CE3A0-0D8C-48DB-9D8D-C7BBD9591813}"
EndProject
Project("{9A19103F-16F7-4668-BE54-9A1E7A4F7556}") = "Radarr.Core.Test", "NzbDrone.Core.Test\Radarr.Core.Test.csproj", "{4EF23885-C1DD-4AE0-B6AF-DB045A0E83BD}"
EndProject
Project("{9A19103F-16F7-4668-BE54-9A1E7A4F7556}") = "Radarr.Host.Test", "NzbDrone.Host.Test\Radarr.Host.Test.csproj", "{3FDB2B34-A754-49C5-AEB2-16BC6E92372A}"
EndProject
Project("{9A19103F-16F7-4668-BE54-9A1E7A4F7556}") = "Radarr.Integration.Test", "NzbDrone.Integration.Test\Radarr.Integration.Test.csproj", "{6EEF2080-FAA9-4403-A7B4-0AA91E5A390F}"
EndProject
Project("{9A19103F-16F7-4668-BE54-9A1E7A4F7556}") = "Radarr.Libraries.Test", "NzbDrone.Libraries.Test\Radarr.Libraries.Test.csproj", "{4E16E633-5AA2-426E-B5C9-D212D4F40B44}"
EndProject
Project("{9A19103F-16F7-4668-BE54-9A1E7A4F7556}") = "Radarr.Update.Test", "NzbDrone.Update.Test\Radarr.Update.Test.csproj", "{10C356B1-0E60-4385-A3FA-3670159B5660}"
EndProject
Project("{9A19103F-16F7-4668-BE54-9A1E7A4F7556}") = "Radarr.Mono.Test", "NzbDrone.Mono.Test\Radarr.Mono.Test.csproj", "{FD08732A-60BB-4ACB-9AD2-F17C8BE694C8}"
EndProject
Project("{9A19103F-16F7-4668-BE54-9A1E7A4F7556}") = "Radarr.Windows.Test", "NzbDrone.Windows.Test\Radarr.Windows.Test.csproj", "{10B4E062-4985-4897-99DB-745DFBEED055}"
EndProject
Project("{9A19103F-16F7-4668-BE54-9A1E7A4F7556}") = "Radarr.Test.Common", "NzbDrone.Test.Common\Radarr.Test.Common.csproj", "{9D841A99-B3EA-4C35-86D0-F27C69E72B3E}"
EndProject
Project("{9A19103F-16F7-4668-BE54-9A1E7A4F7556}") = "Radarr.Test.Dummy", "NzbDrone.Test.Dummy\Radarr.Test.Dummy.csproj", "{63872633-A00E-45DE-AB4D-61DFF4B02370}"
EndProject
Project("{9A19103F-16F7-4668-BE54-9A1E7A4F7556}") = "Radarr.Mono", "NzbDrone.Mono\Radarr.Mono.csproj", "{EF32E669-774D-4144-A9AB-06E5094F1B5F}"
EndProject
Project("{9A19103F-16F7-4668-BE54-9A1E7A4F7556}") = "Radarr.Windows", "NzbDrone.Windows\Radarr.Windows.csproj", "{BB0DC9D7-93EB-4668-82B2-AA7503685A38}"
EndProject
Project("{9A19103F-16F7-4668-BE54-9A1E7A4F7556}") = "Radarr.Host", "NzbDrone.Host\Radarr.Host.csproj", "{B044A5E8-D914-4671-8724-A92ADAB04C5A}"
EndProject
Global
	GlobalSection(SolutionConfigurationPlatforms) = preSolution
		Debug|x86 = Debug|x86
		Mono|x86 = Mono|x86
		Release|x86 = Release|x86
	EndGlobalSection
	GlobalSection(ProjectConfigurationPlatforms) = postSolution
		{6BCE712F-846D-4846-9D1B-A66B858DA755}.Debug|x86.ActiveCfg = Debug|x86
		{6BCE712F-846D-4846-9D1B-A66B858DA755}.Debug|x86.Build.0 = Debug|x86
		{6BCE712F-846D-4846-9D1B-A66B858DA755}.Mono|x86.ActiveCfg = Debug|x86
		{6BCE712F-846D-4846-9D1B-A66B858DA755}.Release|x86.ActiveCfg = Release|x86
		{6BCE712F-846D-4846-9D1B-A66B858DA755}.Release|x86.Build.0 = Release|x86
		{700D0B95-95CD-43F3-B6C9-FAA0FC1358D4}.Debug|x86.ActiveCfg = Debug|x86
		{700D0B95-95CD-43F3-B6C9-FAA0FC1358D4}.Debug|x86.Build.0 = Debug|x86
		{700D0B95-95CD-43F3-B6C9-FAA0FC1358D4}.Mono|x86.ActiveCfg = Debug|x86
		{700D0B95-95CD-43F3-B6C9-FAA0FC1358D4}.Release|x86.ActiveCfg = Release|x86
		{700D0B95-95CD-43F3-B6C9-FAA0FC1358D4}.Release|x86.Build.0 = Release|x86
		{F6FC6BE7-0847-4817-A1ED-223DC647C3D7}.Debug|x86.ActiveCfg = Debug|x86
		{F6FC6BE7-0847-4817-A1ED-223DC647C3D7}.Debug|x86.Build.0 = Debug|x86
		{F6FC6BE7-0847-4817-A1ED-223DC647C3D7}.Mono|x86.ActiveCfg = Release|x86
		{F6FC6BE7-0847-4817-A1ED-223DC647C3D7}.Mono|x86.Build.0 = Release|x86
		{F6FC6BE7-0847-4817-A1ED-223DC647C3D7}.Release|x86.ActiveCfg = Release|x86
		{F6FC6BE7-0847-4817-A1ED-223DC647C3D7}.Release|x86.Build.0 = Release|x86
		{411A9E0E-FDC6-4E25-828A-0C2CD1CD96F8}.Debug|x86.ActiveCfg = Debug|x86
		{411A9E0E-FDC6-4E25-828A-0C2CD1CD96F8}.Debug|x86.Build.0 = Debug|x86
		{411A9E0E-FDC6-4E25-828A-0C2CD1CD96F8}.Mono|x86.ActiveCfg = Release|x86
		{411A9E0E-FDC6-4E25-828A-0C2CD1CD96F8}.Mono|x86.Build.0 = Release|x86
		{411A9E0E-FDC6-4E25-828A-0C2CD1CD96F8}.Release|x86.ActiveCfg = Release|x86
		{411A9E0E-FDC6-4E25-828A-0C2CD1CD96F8}.Release|x86.Build.0 = Release|x86
		{C5953DAB-89DB-46D9-A401-D620F54B776E}.Debug|x86.ActiveCfg = Debug|x86
		{C5953DAB-89DB-46D9-A401-D620F54B776E}.Debug|x86.Build.0 = Debug|x86
		{C5953DAB-89DB-46D9-A401-D620F54B776E}.Mono|x86.ActiveCfg = Release|x86
		{C5953DAB-89DB-46D9-A401-D620F54B776E}.Mono|x86.Build.0 = Release|x86
		{C5953DAB-89DB-46D9-A401-D620F54B776E}.Release|x86.ActiveCfg = Release|x86
		{C5953DAB-89DB-46D9-A401-D620F54B776E}.Release|x86.Build.0 = Release|x86
		{38497DC6-E488-4B9E-A973-A1A7961B33C4}.Debug|x86.ActiveCfg = Debug|x86
		{38497DC6-E488-4B9E-A973-A1A7961B33C4}.Debug|x86.Build.0 = Debug|x86
		{38497DC6-E488-4B9E-A973-A1A7961B33C4}.Mono|x86.ActiveCfg = Release|x86
		{38497DC6-E488-4B9E-A973-A1A7961B33C4}.Mono|x86.Build.0 = Release|x86
		{38497DC6-E488-4B9E-A973-A1A7961B33C4}.Release|x86.ActiveCfg = Release|x86
		{38497DC6-E488-4B9E-A973-A1A7961B33C4}.Release|x86.Build.0 = Release|x86
		{D171CDAA-22BE-4598-984B-F9B4A7A6D30C}.Debug|x86.ActiveCfg = Debug|x86
		{D171CDAA-22BE-4598-984B-F9B4A7A6D30C}.Debug|x86.Build.0 = Debug|x86
		{D171CDAA-22BE-4598-984B-F9B4A7A6D30C}.Mono|x86.ActiveCfg = Release|x86
		{D171CDAA-22BE-4598-984B-F9B4A7A6D30C}.Mono|x86.Build.0 = Release|x86
		{D171CDAA-22BE-4598-984B-F9B4A7A6D30C}.Release|x86.ActiveCfg = Release|x86
		{D171CDAA-22BE-4598-984B-F9B4A7A6D30C}.Release|x86.Build.0 = Release|x86
		{BA949432-D73A-425E-B4B1-4292405DFAF6}.Debug|x86.ActiveCfg = Debug|x86
		{BA949432-D73A-425E-B4B1-4292405DFAF6}.Debug|x86.Build.0 = Debug|x86
		{BA949432-D73A-425E-B4B1-4292405DFAF6}.Mono|x86.ActiveCfg = Release|x86
		{BA949432-D73A-425E-B4B1-4292405DFAF6}.Mono|x86.Build.0 = Release|x86
		{BA949432-D73A-425E-B4B1-4292405DFAF6}.Release|x86.ActiveCfg = Release|x86
		{BA949432-D73A-425E-B4B1-4292405DFAF6}.Release|x86.Build.0 = Release|x86
		{0D62DE9B-33B5-4CC2-B288-E8561C27FF35}.Debug|x86.ActiveCfg = Debug|x86
		{0D62DE9B-33B5-4CC2-B288-E8561C27FF35}.Debug|x86.Build.0 = Debug|x86
		{0D62DE9B-33B5-4CC2-B288-E8561C27FF35}.Mono|x86.ActiveCfg = Release|x86
		{0D62DE9B-33B5-4CC2-B288-E8561C27FF35}.Mono|x86.Build.0 = Release|x86
		{0D62DE9B-33B5-4CC2-B288-E8561C27FF35}.Release|x86.ActiveCfg = Release|x86
		{0D62DE9B-33B5-4CC2-B288-E8561C27FF35}.Release|x86.Build.0 = Release|x86
		{0B4F09FE-275D-4A94-9FEF-CA1594639AF5}.Debug|x86.ActiveCfg = Debug|x86
		{0B4F09FE-275D-4A94-9FEF-CA1594639AF5}.Debug|x86.Build.0 = Debug|x86
		{0B4F09FE-275D-4A94-9FEF-CA1594639AF5}.Mono|x86.ActiveCfg = Release|x86
		{0B4F09FE-275D-4A94-9FEF-CA1594639AF5}.Mono|x86.Build.0 = Release|x86
		{0B4F09FE-275D-4A94-9FEF-CA1594639AF5}.Release|x86.ActiveCfg = Release|x86
		{0B4F09FE-275D-4A94-9FEF-CA1594639AF5}.Release|x86.Build.0 = Release|x86
		{D1C4B2AA-8776-4429-A3E3-71146C230037}.Debug|x86.ActiveCfg = Debug|x86
		{D1C4B2AA-8776-4429-A3E3-71146C230037}.Debug|x86.Build.0 = Debug|x86
		{D1C4B2AA-8776-4429-A3E3-71146C230037}.Mono|x86.ActiveCfg = Release|x86
		{D1C4B2AA-8776-4429-A3E3-71146C230037}.Mono|x86.Build.0 = Release|x86
		{D1C4B2AA-8776-4429-A3E3-71146C230037}.Release|x86.ActiveCfg = Release|x86
		{D1C4B2AA-8776-4429-A3E3-71146C230037}.Release|x86.Build.0 = Release|x86
		{D9468BE6-8242-4E7F-9470-EE6FDA8832D0}.Debug|x86.ActiveCfg = Debug|x86
		{D9468BE6-8242-4E7F-9470-EE6FDA8832D0}.Debug|x86.Build.0 = Debug|x86
		{D9468BE6-8242-4E7F-9470-EE6FDA8832D0}.Mono|x86.ActiveCfg = Release|x86
		{D9468BE6-8242-4E7F-9470-EE6FDA8832D0}.Mono|x86.Build.0 = Release|x86
		{D9468BE6-8242-4E7F-9470-EE6FDA8832D0}.Release|x86.ActiveCfg = Release|x86
		{D9468BE6-8242-4E7F-9470-EE6FDA8832D0}.Release|x86.Build.0 = Release|x86
		{779D577B-2287-4FB8-8760-D653DBB87109}.Debug|x86.ActiveCfg = Debug|x86
		{779D577B-2287-4FB8-8760-D653DBB87109}.Debug|x86.Build.0 = Debug|x86
		{779D577B-2287-4FB8-8760-D653DBB87109}.Mono|x86.ActiveCfg = Release|x86
		{779D577B-2287-4FB8-8760-D653DBB87109}.Mono|x86.Build.0 = Release|x86
		{779D577B-2287-4FB8-8760-D653DBB87109}.Release|x86.ActiveCfg = Release|x86
		{779D577B-2287-4FB8-8760-D653DBB87109}.Release|x86.Build.0 = Release|x86
		{175CE3A0-0D8C-48DB-9D8D-C7BBD9591813}.Debug|x86.ActiveCfg = Debug|x86
		{175CE3A0-0D8C-48DB-9D8D-C7BBD9591813}.Debug|x86.Build.0 = Debug|x86
		{175CE3A0-0D8C-48DB-9D8D-C7BBD9591813}.Mono|x86.ActiveCfg = Release|x86
		{175CE3A0-0D8C-48DB-9D8D-C7BBD9591813}.Mono|x86.Build.0 = Release|x86
		{175CE3A0-0D8C-48DB-9D8D-C7BBD9591813}.Release|x86.ActiveCfg = Release|x86
		{175CE3A0-0D8C-48DB-9D8D-C7BBD9591813}.Release|x86.Build.0 = Release|x86
		{4EF23885-C1DD-4AE0-B6AF-DB045A0E83BD}.Debug|x86.ActiveCfg = Debug|x86
		{4EF23885-C1DD-4AE0-B6AF-DB045A0E83BD}.Debug|x86.Build.0 = Debug|x86
		{4EF23885-C1DD-4AE0-B6AF-DB045A0E83BD}.Mono|x86.ActiveCfg = Release|x86
		{4EF23885-C1DD-4AE0-B6AF-DB045A0E83BD}.Mono|x86.Build.0 = Release|x86
		{4EF23885-C1DD-4AE0-B6AF-DB045A0E83BD}.Release|x86.ActiveCfg = Release|x86
		{4EF23885-C1DD-4AE0-B6AF-DB045A0E83BD}.Release|x86.Build.0 = Release|x86
		{3FDB2B34-A754-49C5-AEB2-16BC6E92372A}.Debug|x86.ActiveCfg = Debug|x86
		{3FDB2B34-A754-49C5-AEB2-16BC6E92372A}.Debug|x86.Build.0 = Debug|x86
		{3FDB2B34-A754-49C5-AEB2-16BC6E92372A}.Mono|x86.ActiveCfg = Release|x86
		{3FDB2B34-A754-49C5-AEB2-16BC6E92372A}.Mono|x86.Build.0 = Release|x86
		{3FDB2B34-A754-49C5-AEB2-16BC6E92372A}.Release|x86.ActiveCfg = Release|x86
		{3FDB2B34-A754-49C5-AEB2-16BC6E92372A}.Release|x86.Build.0 = Release|x86
		{6EEF2080-FAA9-4403-A7B4-0AA91E5A390F}.Debug|x86.ActiveCfg = Debug|x86
		{6EEF2080-FAA9-4403-A7B4-0AA91E5A390F}.Debug|x86.Build.0 = Debug|x86
		{6EEF2080-FAA9-4403-A7B4-0AA91E5A390F}.Mono|x86.ActiveCfg = Release|x86
		{6EEF2080-FAA9-4403-A7B4-0AA91E5A390F}.Mono|x86.Build.0 = Release|x86
		{6EEF2080-FAA9-4403-A7B4-0AA91E5A390F}.Release|x86.ActiveCfg = Release|x86
		{6EEF2080-FAA9-4403-A7B4-0AA91E5A390F}.Release|x86.Build.0 = Release|x86
		{4E16E633-5AA2-426E-B5C9-D212D4F40B44}.Debug|x86.ActiveCfg = Debug|x86
		{4E16E633-5AA2-426E-B5C9-D212D4F40B44}.Debug|x86.Build.0 = Debug|x86
		{4E16E633-5AA2-426E-B5C9-D212D4F40B44}.Mono|x86.ActiveCfg = Release|x86
		{4E16E633-5AA2-426E-B5C9-D212D4F40B44}.Mono|x86.Build.0 = Release|x86
		{4E16E633-5AA2-426E-B5C9-D212D4F40B44}.Release|x86.ActiveCfg = Release|x86
		{4E16E633-5AA2-426E-B5C9-D212D4F40B44}.Release|x86.Build.0 = Release|x86
		{10C356B1-0E60-4385-A3FA-3670159B5660}.Debug|x86.ActiveCfg = Debug|x86
		{10C356B1-0E60-4385-A3FA-3670159B5660}.Debug|x86.Build.0 = Debug|x86
		{10C356B1-0E60-4385-A3FA-3670159B5660}.Mono|x86.ActiveCfg = Release|x86
		{10C356B1-0E60-4385-A3FA-3670159B5660}.Mono|x86.Build.0 = Release|x86
		{10C356B1-0E60-4385-A3FA-3670159B5660}.Release|x86.ActiveCfg = Release|x86
		{10C356B1-0E60-4385-A3FA-3670159B5660}.Release|x86.Build.0 = Release|x86
		{FD08732A-60BB-4ACB-9AD2-F17C8BE694C8}.Debug|x86.ActiveCfg = Debug|x86
		{FD08732A-60BB-4ACB-9AD2-F17C8BE694C8}.Debug|x86.Build.0 = Debug|x86
		{FD08732A-60BB-4ACB-9AD2-F17C8BE694C8}.Mono|x86.ActiveCfg = Release|x86
		{FD08732A-60BB-4ACB-9AD2-F17C8BE694C8}.Mono|x86.Build.0 = Release|x86
		{FD08732A-60BB-4ACB-9AD2-F17C8BE694C8}.Release|x86.ActiveCfg = Release|x86
		{FD08732A-60BB-4ACB-9AD2-F17C8BE694C8}.Release|x86.Build.0 = Release|x86
		{10B4E062-4985-4897-99DB-745DFBEED055}.Debug|x86.ActiveCfg = Debug|x86
		{10B4E062-4985-4897-99DB-745DFBEED055}.Debug|x86.Build.0 = Debug|x86
		{10B4E062-4985-4897-99DB-745DFBEED055}.Mono|x86.ActiveCfg = Release|x86
		{10B4E062-4985-4897-99DB-745DFBEED055}.Mono|x86.Build.0 = Release|x86
		{10B4E062-4985-4897-99DB-745DFBEED055}.Release|x86.ActiveCfg = Release|x86
		{10B4E062-4985-4897-99DB-745DFBEED055}.Release|x86.Build.0 = Release|x86
		{9D841A99-B3EA-4C35-86D0-F27C69E72B3E}.Debug|x86.ActiveCfg = Debug|x86
		{9D841A99-B3EA-4C35-86D0-F27C69E72B3E}.Debug|x86.Build.0 = Debug|x86
		{9D841A99-B3EA-4C35-86D0-F27C69E72B3E}.Mono|x86.ActiveCfg = Release|x86
		{9D841A99-B3EA-4C35-86D0-F27C69E72B3E}.Mono|x86.Build.0 = Release|x86
		{9D841A99-B3EA-4C35-86D0-F27C69E72B3E}.Release|x86.ActiveCfg = Release|x86
		{9D841A99-B3EA-4C35-86D0-F27C69E72B3E}.Release|x86.Build.0 = Release|x86
		{63872633-A00E-45DE-AB4D-61DFF4B02370}.Debug|x86.ActiveCfg = Debug|x86
		{63872633-A00E-45DE-AB4D-61DFF4B02370}.Debug|x86.Build.0 = Debug|x86
		{63872633-A00E-45DE-AB4D-61DFF4B02370}.Mono|x86.ActiveCfg = Release|x86
		{63872633-A00E-45DE-AB4D-61DFF4B02370}.Mono|x86.Build.0 = Release|x86
		{63872633-A00E-45DE-AB4D-61DFF4B02370}.Release|x86.ActiveCfg = Release|x86
		{63872633-A00E-45DE-AB4D-61DFF4B02370}.Release|x86.Build.0 = Release|x86
		{EF32E669-774D-4144-A9AB-06E5094F1B5F}.Debug|x86.ActiveCfg = Debug|x86
		{EF32E669-774D-4144-A9AB-06E5094F1B5F}.Debug|x86.Build.0 = Debug|x86
		{EF32E669-774D-4144-A9AB-06E5094F1B5F}.Mono|x86.ActiveCfg = Release|x86
		{EF32E669-774D-4144-A9AB-06E5094F1B5F}.Mono|x86.Build.0 = Release|x86
		{EF32E669-774D-4144-A9AB-06E5094F1B5F}.Release|x86.ActiveCfg = Release|x86
		{EF32E669-774D-4144-A9AB-06E5094F1B5F}.Release|x86.Build.0 = Release|x86
		{BB0DC9D7-93EB-4668-82B2-AA7503685A38}.Debug|x86.ActiveCfg = Debug|x86
		{BB0DC9D7-93EB-4668-82B2-AA7503685A38}.Debug|x86.Build.0 = Debug|x86
		{BB0DC9D7-93EB-4668-82B2-AA7503685A38}.Mono|x86.ActiveCfg = Release|x86
		{BB0DC9D7-93EB-4668-82B2-AA7503685A38}.Mono|x86.Build.0 = Release|x86
		{BB0DC9D7-93EB-4668-82B2-AA7503685A38}.Release|x86.ActiveCfg = Release|x86
		{BB0DC9D7-93EB-4668-82B2-AA7503685A38}.Release|x86.Build.0 = Release|x86
		{2019313B-86BD-445C-A6F9-1BCEC49FBA9B}.Debug|x86.ActiveCfg = Debug|x86
		{2019313B-86BD-445C-A6F9-1BCEC49FBA9B}.Debug|x86.Build.0 = Debug|x86
		{2019313B-86BD-445C-A6F9-1BCEC49FBA9B}.Mono|x86.ActiveCfg = Release|x86
		{2019313B-86BD-445C-A6F9-1BCEC49FBA9B}.Mono|x86.Build.0 = Release|x86
		{2019313B-86BD-445C-A6F9-1BCEC49FBA9B}.Release|x86.ActiveCfg = Release|x86
		{2019313B-86BD-445C-A6F9-1BCEC49FBA9B}.Release|x86.Build.0 = Release|x86
		{B044A5E8-D914-4671-8724-A92ADAB04C5A}.Debug|x86.ActiveCfg = Debug|x86
		{B044A5E8-D914-4671-8724-A92ADAB04C5A}.Debug|x86.Build.0 = Debug|x86
		{B044A5E8-D914-4671-8724-A92ADAB04C5A}.Mono|x86.ActiveCfg = Release|x86
		{B044A5E8-D914-4671-8724-A92ADAB04C5A}.Mono|x86.Build.0 = Release|x86
		{B044A5E8-D914-4671-8724-A92ADAB04C5A}.Release|x86.ActiveCfg = Release|x86
		{B044A5E8-D914-4671-8724-A92ADAB04C5A}.Release|x86.Build.0 = Release|x86
	EndGlobalSection
	GlobalSection(SolutionProperties) = preSolution
		HideSolutionNode = FALSE
	EndGlobalSection
	GlobalSection(NestedProjects) = preSolution
		{47697CDB-27B6-4B05-B4F8-0CBE6F6EDF97} = {57A04B72-8088-4F75-A582-1158CF8291F7}
		{6BCE712F-846D-4846-9D1B-A66B858DA755} = {F9E67978-5CD6-4A5F-827B-4249711C0B02}
		{700D0B95-95CD-43F3-B6C9-FAA0FC1358D4} = {F9E67978-5CD6-4A5F-827B-4249711C0B02}
		{F6FC6BE7-0847-4817-A1ED-223DC647C3D7} = {F6E3A728-AE77-4D02-BAC8-82FBC1402DDA}
		{4EACDBBC-BCD7-4765-A57B-3E08331E4749} = {57A04B72-8088-4F75-A582-1158CF8291F7}
		{411A9E0E-FDC6-4E25-828A-0C2CD1CD96F8} = {F6E3A728-AE77-4D02-BAC8-82FBC1402DDA}
		{D9468BE6-8242-4E7F-9470-EE6FDA8832D0} = {57A04B72-8088-4F75-A582-1158CF8291F7}
		{779D577B-2287-4FB8-8760-D653DBB87109} = {57A04B72-8088-4F75-A582-1158CF8291F7}
		{175CE3A0-0D8C-48DB-9D8D-C7BBD9591813} = {57A04B72-8088-4F75-A582-1158CF8291F7}
		{4EF23885-C1DD-4AE0-B6AF-DB045A0E83BD} = {57A04B72-8088-4F75-A582-1158CF8291F7}
		{3FDB2B34-A754-49C5-AEB2-16BC6E92372A} = {57A04B72-8088-4F75-A582-1158CF8291F7}
		{6EEF2080-FAA9-4403-A7B4-0AA91E5A390F} = {57A04B72-8088-4F75-A582-1158CF8291F7}
		{4E16E633-5AA2-426E-B5C9-D212D4F40B44} = {57A04B72-8088-4F75-A582-1158CF8291F7}
		{10C356B1-0E60-4385-A3FA-3670159B5660} = {57A04B72-8088-4F75-A582-1158CF8291F7}
		{FD08732A-60BB-4ACB-9AD2-F17C8BE694C8} = {4EACDBBC-BCD7-4765-A57B-3E08331E4749}
		{10B4E062-4985-4897-99DB-745DFBEED055} = {4EACDBBC-BCD7-4765-A57B-3E08331E4749}
		{9D841A99-B3EA-4C35-86D0-F27C69E72B3E} = {47697CDB-27B6-4B05-B4F8-0CBE6F6EDF97}
		{63872633-A00E-45DE-AB4D-61DFF4B02370} = {47697CDB-27B6-4B05-B4F8-0CBE6F6EDF97}
		{EF32E669-774D-4144-A9AB-06E5094F1B5F} = {0F0D4998-8F5D-4467-A909-BB192C4B3B4B}
		{BB0DC9D7-93EB-4668-82B2-AA7503685A38} = {0F0D4998-8F5D-4467-A909-BB192C4B3B4B}
		{2019313B-86BD-445C-A6F9-1BCEC49FBA9B} = {486ADF86-DD89-4E19-B805-9D94F19800D9}
		{B044A5E8-D914-4671-8724-A92ADAB04C5A} = {486ADF86-DD89-4E19-B805-9D94F19800D9}
	EndGlobalSection
	GlobalSection(ExtensibilityGlobals) = postSolution
		EnterpriseLibraryConfigurationToolBinariesPath = packages\Unity.2.1.505.0\lib\NET35;packages\Unity.2.1.505.2\lib\NET35
		SolutionGuid = {2955716E-0882-41EC-935D-C95694C5C30F}
	EndGlobalSection
	GlobalSection(MonoDevelopProperties) = preSolution
		StartupItem = NzbDrone.Console\NzbDrone.Console.csproj
	EndGlobalSection
	GlobalSection(JSLint) = preSolution
		SolutionConfigurationLocation = JSLintOptions.xml
	EndGlobalSection
EndGlobal
